
Microsoft Visual Studio Solution File, Format Version 12.00
# Visual Studio Version 17
VisualStudioVersion = 17.0.31903.59
MinimumVisualStudioVersion = 10.0.40219.1
Project("{2150E333-8FDC-42A3-9474-1A3956D46DE8}") = "src", "src", "{827E0CD3-B72D-47B6-A68D-7590B98EB39B}"
EndProject
Project("{2150E333-8FDC-42A3-9474-1A3956D46DE8}") = "Api", "Api", "{81034408-37C8-1011-444E-4C15C2FADA8E}"
EndProject
Project("{FAE04EC0-301F-11D3-BF4B-00C04F79EFBC}") = "JobRag.Api", "src\Api\JobRag.Api.csproj", "{DB5A7205-5952-4E4E-A3D1-EB5BF282BE13}"
EndProject
Project("{2150E333-8FDC-42A3-9474-1A3956D46DE8}") = "Domain", "Domain", "{8B290487-4C16-E85E-E807-F579CBE9FC4D}"
EndProject
Project("{FAE04EC0-301F-11D3-BF4B-00C04F79EFBC}") = "JobRag.Domain", "src\Domain\JobRag.Domain.csproj", "{6E00A0E0-D46C-462D-9800-3A729EFC8452}"
EndProject
Project("{2150E333-8FDC-42A3-9474-1A3956D46DE8}") = "Application", "Application", "{22BAF98C-8415-17C4-B26A-D537657BC863}"
EndProject
Project("{FAE04EC0-301F-11D3-BF4B-00C04F79EFBC}") = "JobRag.Application", "src\Application\JobRag.Application.csproj", "{EAE2176E-38D0-49CC-B06F-029750036537}"
EndProject
Project("{2150E333-8FDC-42A3-9474-1A3956D46DE8}") = "Infrastructure", "Infrastructure", "{9048EB7F-3875-A59E-E36B-5BD4C6F2A282}"
EndProject
Project("{FAE04EC0-301F-11D3-BF4B-00C04F79EFBC}") = "JobRag.Infrastructure", "src\Infrastructure\JobRag.Infrastructure.csproj", "{EE763C64-968C-47C9-841F-70D786FCC9F6}"
EndProject
Project("{2150E333-8FDC-42A3-9474-1A3956D46DE8}") = "Workers", "Workers", "{FE5F7021-A3C9-35C7-FF50-8DA81625868E}"
EndProject
Project("{FAE04EC0-301F-11D3-BF4B-00C04F79EFBC}") = "JobRag.Workers", "src\Workers\JobRag.Workers.csproj", "{EB7602C4-D438-4120-BF0A-121360369DAF}"
EndProject
Project("{FAE04EC0-301F-11D3-BF4B-00C04F79EFBC}") = "JobRag.Agents", "src\JobRag.Agents\JobRag.Agents.csproj", "{65508F18-D1D8-43A8-9442-36F22D7FC325}"
EndProject
Global
	GlobalSection(SolutionConfigurationPlatforms) = preSolution
		Debug|Any CPU = Debug|Any CPU
		Debug|x64 = Debug|x64
		Debug|x86 = Debug|x86
		Release|Any CPU = Release|Any CPU
		Release|x64 = Release|x64
		Release|x86 = Release|x86
	EndGlobalSection
	GlobalSection(ProjectConfigurationPlatforms) = postSolution
		{DB5A7205-5952-4E4E-A3D1-EB5BF282BE13}.Debug|Any CPU.ActiveCfg = Debug|Any CPU
		{DB5A7205-5952-4E4E-A3D1-EB5BF282BE13}.Debug|Any CPU.Build.0 = Debug|Any CPU
		{DB5A7205-5952-4E4E-A3D1-EB5BF282BE13}.Debug|x64.ActiveCfg = Debug|Any CPU
		{DB5A7205-5952-4E4E-A3D1-EB5BF282BE13}.Debug|x64.Build.0 = Debug|Any CPU
		{DB5A7205-5952-4E4E-A3D1-EB5BF282BE13}.Debug|x86.ActiveCfg = Debug|Any CPU
		{DB5A7205-5952-4E4E-A3D1-EB5BF282BE13}.Debug|x86.Build.0 = Debug|Any CPU
		{DB5A7205-5952-4E4E-A3D1-EB5BF282BE13}.Release|Any CPU.ActiveCfg = Release|Any CPU
		{DB5A7205-5952-4E4E-A3D1-EB5BF282BE13}.Release|Any CPU.Build.0 = Release|Any CPU
		{DB5A7205-5952-4E4E-A3D1-EB5BF282BE13}.Release|x64.ActiveCfg = Release|Any CPU
		{DB5A7205-5952-4E4E-A3D1-EB5BF282BE13}.Release|x64.Build.0 = Release|Any CPU
		{DB5A7205-5952-4E4E-A3D1-EB5BF282BE13}.Release|x86.ActiveCfg = Release|Any CPU
		{DB5A7205-5952-4E4E-A3D1-EB5BF282BE13}.Release|x86.Build.0 = Release|Any CPU
		{6E00A0E0-D46C-462D-9800-3A729EFC8452}.Debug|Any CPU.ActiveCfg = Debug|Any CPU
		{6E00A0E0-D46C-462D-9800-3A729EFC8452}.Debug|Any CPU.Build.0 = Debug|Any CPU
		{6E00A0E0-D46C-462D-9800-3A729EFC8452}.Debug|x64.ActiveCfg = Debug|Any CPU
		{6E00A0E0-D46C-462D-9800-3A729EFC8452}.Debug|x64.Build.0 = Debug|Any CPU
		{6E00A0E0-D46C-462D-9800-3A729EFC8452}.Debug|x86.ActiveCfg = Debug|Any CPU
		{6E00A0E0-D46C-462D-9800-3A729EFC8452}.Debug|x86.Build.0 = Debug|Any CPU
		{6E00A0E0-D46C-462D-9800-3A729EFC8452}.Release|Any CPU.ActiveCfg = Release|Any CPU
		{6E00A0E0-D46C-462D-9800-3A729EFC8452}.Release|Any CPU.Build.0 = Release|Any CPU
		{6E00A0E0-D46C-462D-9800-3A729EFC8452}.Release|x64.ActiveCfg = Release|Any CPU
		{6E00A0E0-D46C-462D-9800-3A729EFC8452}.Release|x64.Build.0 = Release|Any CPU
		{6E00A0E0-D46C-462D-9800-3A729EFC8452}.Release|x86.ActiveCfg = Release|Any CPU
		{6E00A0E0-D46C-462D-9800-3A729EFC8452}.Release|x86.Build.0 = Release|Any CPU
		{EAE2176E-38D0-49CC-B06F-029750036537}.Debug|Any CPU.ActiveCfg = Debug|Any CPU
		{EAE2176E-38D0-49CC-B06F-029750036537}.Debug|Any CPU.Build.0 = Debug|Any CPU
		{EAE2176E-38D0-49CC-B06F-029750036537}.Debug|x64.ActiveCfg = Debug|Any CPU
		{EAE2176E-38D0-49CC-B06F-029750036537}.Debug|x64.Build.0 = Debug|Any CPU
		{EAE2176E-38D0-49CC-B06F-029750036537}.Debug|x86.ActiveCfg = Debug|Any CPU
		{EAE2176E-38D0-49CC-B06F-029750036537}.Debug|x86.Build.0 = Debug|Any CPU
		{EAE2176E-38D0-49CC-B06F-029750036537}.Release|Any CPU.ActiveCfg = Release|Any CPU
		{EAE2176E-38D0-49CC-B06F-029750036537}.Release|Any CPU.Build.0 = Release|Any CPU
		{EAE2176E-38D0-49CC-B06F-029750036537}.Release|x64.ActiveCfg = Release|Any CPU
		{EAE2176E-38D0-49CC-B06F-029750036537}.Release|x64.Build.0 = Release|Any CPU
		{EAE2176E-38D0-49CC-B06F-029750036537}.Release|x86.ActiveCfg = Release|Any CPU
		{EAE2176E-38D0-49CC-B06F-029750036537}.Release|x86.Build.0 = Release|Any CPU
		{EE763C64-968C-47C9-841F-70D786FCC9F6}.Debug|Any CPU.ActiveCfg = Debug|Any CPU
		{EE763C64-968C-47C9-841F-70D786FCC9F6}.Debug|Any CPU.Build.0 = Debug|Any CPU
		{EE763C64-968C-47C9-841F-70D786FCC9F6}.Debug|x64.ActiveCfg = Debug|Any CPU
		{EE763C64-968C-47C9-841F-70D786FCC9F6}.Debug|x64.Build.0 = Debug|Any CPU
		{EE763C64-968C-47C9-841F-70D786FCC9F6}.Debug|x86.ActiveCfg = Debug|Any CPU
		{EE763C64-968C-47C9-841F-70D786FCC9F6}.Debug|x86.Build.0 = Debug|Any CPU
		{EE763C64-968C-47C9-841F-70D786FCC9F6}.Release|Any CPU.ActiveCfg = Release|Any CPU
		{EE763C64-968C-47C9-841F-70D786FCC9F6}.Release|Any CPU.Build.0 = Release|Any CPU
		{EE763C64-968C-47C9-841F-70D786FCC9F6}.Release|x64.ActiveCfg = Release|Any CPU
		{EE763C64-968C-47C9-841F-70D786FCC9F6}.Release|x64.Build.0 = Release|Any CPU
		{EE763C64-968C-47C9-841F-70D786FCC9F6}.Release|x86.ActiveCfg = Release|Any CPU
		{EE763C64-968C-47C9-841F-70D786FCC9F6}.Release|x86.Build.0 = Release|Any CPU
		{EB7602C4-D438-4120-BF0A-121360369DAF}.Debug|Any CPU.ActiveCfg = Debug|Any CPU
		{EB7602C4-D438-4120-BF0A-121360369DAF}.Debug|Any CPU.Build.0 = Debug|Any CPU
		{EB7602C4-D438-4120-BF0A-121360369DAF}.Debug|x64.ActiveCfg = Debug|Any CPU
		{EB7602C4-D438-4120-BF0A-121360369DAF}.Debug|x64.Build.0 = Debug|Any CPU
		{EB7602C4-D438-4120-BF0A-121360369DAF}.Debug|x86.ActiveCfg = Debug|Any CPU
		{EB7602C4-D438-4120-BF0A-121360369DAF}.Debug|x86.Build.0 = Debug|Any CPU
		{EB7602C4-D438-4120-BF0A-121360369DAF}.Release|Any CPU.ActiveCfg = Release|Any CPU
		{EB7602C4-D438-4120-BF0A-121360369DAF}.Release|Any CPU.Build.0 = Release|Any CPU
		{EB7602C4-D438-4120-BF0A-121360369DAF}.Release|x64.ActiveCfg = Release|Any CPU
		{EB7602C4-D438-4120-BF0A-121360369DAF}.Release|x64.Build.0 = Release|Any CPU
		{EB7602C4-D438-4120-BF0A-121360369DAF}.Release|x86.ActiveCfg = Release|Any CPU
		{EB7602C4-D438-4120-BF0A-121360369DAF}.Release|x86.Build.0 = Release|Any CPU
		{65508F18-D1D8-43A8-9442-36F22D7FC325}.Debug|Any CPU.ActiveCfg = Debug|Any CPU
		{65508F18-D1D8-43A8-9442-36F22D7FC325}.Debug|Any CPU.Build.0 = Debug|Any CPU
		{65508F18-D1D8-43A8-9442-36F22D7FC325}.Debug|x64.ActiveCfg = Debug|Any CPU
		{65508F18-D1D8-43A8-9442-36F22D7FC325}.Debug|x64.Build.0 = Debug|Any CPU
		{65508F18-D1D8-43A8-9442-36F22D7FC325}.Debug|x86.ActiveCfg = Debug|Any CPU
		{65508F18-D1D8-43A8-9442-36F22D7FC325}.Debug|x86.Build.0 = Debug|Any CPU
		{65508F18-D1D8-43A8-9442-36F22D7FC325}.Release|Any CPU.ActiveCfg = Release|Any CPU
		{65508F18-D1D8-43A8-9442-36F22D7FC325}.Release|Any CPU.Build.0 = Release|Any CPU
		{65508F18-D1D8-43A8-9442-36F22D7FC325}.Release|x64.ActiveCfg = Release|Any CPU
		{65508F18-D1D8-43A8-9442-36F22D7FC325}.Release|x64.Build.0 = Release|Any CPU
		{65508F18-D1D8-43A8-9442-36F22D7FC325}.Release|x86.ActiveCfg = Release|Any CPU
		{65508F18-D1D8-43A8-9442-36F22D7FC325}.Release|x86.Build.0 = Release|Any CPU
	EndGlobalSection
	GlobalSection(SolutionProperties) = preSolution
		HideSolutionNode = FALSE
	EndGlobalSection
	GlobalSection(NestedProjects) = preSolution
		{81034408-37C8-1011-444E-4C15C2FADA8E} = {827E0CD3-B72D-47B6-A68D-7590B98EB39B}
		{DB5A7205-5952-4E4E-A3D1-EB5BF282BE13} = {81034408-37C8-1011-444E-4C15C2FADA8E}
		{8B290487-4C16-E85E-E807-F579CBE9FC4D} = {827E0CD3-B72D-47B6-A68D-7590B98EB39B}
		{6E00A0E0-D46C-462D-9800-3A729EFC8452} = {8B290487-4C16-E85E-E807-F579CBE9FC4D}
		{22BAF98C-8415-17C4-B26A-D537657BC863} = {827E0CD3-B72D-47B6-A68D-7590B98EB39B}
		{EAE2176E-38D0-49CC-B06F-029750036537} = {22BAF98C-8415-17C4-B26A-D537657BC863}
		{9048EB7F-3875-A59E-E36B-5BD4C6F2A282} = {827E0CD3-B72D-47B6-A68D-7590B98EB39B}
		{EE763C64-968C-47C9-841F-70D786FCC9F6} = {9048EB7F-3875-A59E-E36B-5BD4C6F2A282}
		{FE5F7021-A3C9-35C7-FF50-8DA81625868E} = {827E0CD3-B72D-47B6-A68D-7590B98EB39B}
		{EB7602C4-D438-4120-BF0A-121360369DAF} = {FE5F7021-A3C9-35C7-FF50-8DA81625868E}
		{65508F18-D1D8-43A8-9442-36F22D7FC325} = {827E0CD3-B72D-47B6-A68D-7590B98EB39B}
	EndGlobalSection
EndGlobal
